
Microsoft Visual Studio Solution File, Format Version 12.00
# Visual Studio Version 17
VisualStudioVersion = 17.13.35806.99
MinimumVisualStudioVersion = 10.0.40219.1
Project("{FAE04EC0-301F-11D3-BF4B-00C04F79EFBC}") = "SchoolSystem", "SchoolSystem.csproj", "{A35332FD-05C6-4988-896A-585A137F2AF6}"
EndProject
Global
	GlobalSection(SolutionConfigurationPlatforms) = preSolution
		Debug|Any CPU = Debug|Any CPU
		Release|Any CPU = Release|Any CPU
	EndGlobalSection
	GlobalSection(ProjectConfigurationPlatforms) = postSolution
		{A35332FD-05C6-4988-896A-585A137F2AF6}.Debug|Any CPU.ActiveCfg = Debug|Any CPU
		{A35332FD-05C6-4988-896A-585A137F2AF6}.Debug|Any CPU.Build.0 = Debug|Any CPU
		{A35332FD-05C6-4988-896A-585A137F2AF6}.Release|Any CPU.ActiveCfg = Release|Any CPU
		{A35332FD-05C6-4988-896A-585A137F2AF6}.Release|Any CPU.Build.0 = Release|Any CPU
	EndGlobalSection
	GlobalSection(SolutionProperties) = preSolution
		HideSolutionNode = FALSE
	EndGlobalSection
	GlobalSection(ExtensibilityGlobals) = postSolution
		SolutionGuid = {DCF3950D-986C-4206-A8D1-2E0ABE43E8A5}
	EndGlobalSection
EndGlobal
